
Microsoft Visual Studio Solution File, Format Version 12.00
# Visual Studio Version 17
VisualStudioVersion = 17.9.34728.123
MinimumVisualStudioVersion = 10.0.40219.1
Project("{FAE04EC0-301F-11D3-BF4B-00C04F79EFBC}") = "Full Real Project", "Full Real Project.csproj", "{9DC857DA-4EEC-4450-9EE3-69DCA1E604C3}"
EndProject
Project("{FAE04EC0-301F-11D3-BF4B-00C04F79EFBC}") = "Full Real Project(Buisness layer)", "Full Real Project(Buisness layer)\Full Real Project(Buisness layer).csproj", "{E846E915-1BAD-4872-96AB-7C07CDA742B9}"
EndProject
Project("{FAE04EC0-301F-11D3-BF4B-00C04F79EFBC}") = "Full Real Project(DataAccess layer)", "Full Real Project(DataAccess layer)\Full Real Project(DataAccess layer).csproj", "{6EC1D2F8-A55D-4BF3-9B12-E76790CDB234}"
EndProject
Global
	GlobalSection(SolutionConfigurationPlatforms) = preSolution
		Debug|Any CPU = Debug|Any CPU
		Release|Any CPU = Release|Any CPU
	EndGlobalSection
	GlobalSection(ProjectConfigurationPlatforms) = postSolution
		{9DC857DA-4EEC-4450-9EE3-69DCA1E604C3}.Debug|Any CPU.ActiveCfg = Debug|Any CPU
		{9DC857DA-4EEC-4450-9EE3-69DCA1E604C3}.Debug|Any CPU.Build.0 = Debug|Any CPU
		{9DC857DA-4EEC-4450-9EE3-69DCA1E604C3}.Release|Any CPU.ActiveCfg = Release|Any CPU
		{9DC857DA-4EEC-4450-9EE3-69DCA1E604C3}.Release|Any CPU.Build.0 = Release|Any CPU
		{E846E915-1BAD-4872-96AB-7C07CDA742B9}.Debug|Any CPU.ActiveCfg = Debug|Any CPU
		{E846E915-1BAD-4872-96AB-7C07CDA742B9}.Debug|Any CPU.Build.0 = Debug|Any CPU
		{E846E915-1BAD-4872-96AB-7C07CDA742B9}.Release|Any CPU.ActiveCfg = Release|Any CPU
		{E846E915-1BAD-4872-96AB-7C07CDA742B9}.Release|Any CPU.Build.0 = Release|Any CPU
		{6EC1D2F8-A55D-4BF3-9B12-E76790CDB234}.Debug|Any CPU.ActiveCfg = Debug|Any CPU
		{6EC1D2F8-A55D-4BF3-9B12-E76790CDB234}.Debug|Any CPU.Build.0 = Debug|Any CPU
		{6EC1D2F8-A55D-4BF3-9B12-E76790CDB234}.Release|Any CPU.ActiveCfg = Release|Any CPU
		{6EC1D2F8-A55D-4BF3-9B12-E76790CDB234}.Release|Any CPU.Build.0 = Release|Any CPU
	EndGlobalSection
	GlobalSection(SolutionProperties) = preSolution
		HideSolutionNode = FALSE
	EndGlobalSection
	GlobalSection(ExtensibilityGlobals) = postSolution
		SolutionGuid = {7C9A8FB0-B91B-464C-9F36-20B5FB3686C0}
	EndGlobalSection
EndGlobal
